{
  "version": 1,
  "dependencies": {
    "net8.0": {
      "CommandLineParser": {
        "type": "Direct",
        "requested": "[2.8.0, )",
        "resolved": "2.8.0",
        "contentHash": "eco2HlKQBY4Joz9odHigzGpVzv6pjsXnY5lziioMveQxr+i2Z7xYcIOMeZTgYiqnMtMAbXMXsVhrNfWO5vJS8Q=="
      },
      "CsvHelper": {
        "type": "Direct",
        "requested": "[32.0.3, )",
        "resolved": "32.0.3",
        "contentHash": "JNDkd4Wc2Tim5IuyL8Ai13RhzRvaHItseEvlJ2YRkx2SMBFrIsW8a5+/o4/O1jsb6mlviihR6Hfyn+nqY6CurA=="
      },
      "Newtonsoft.Json": {
        "type": "Direct",
        "requested": "[13.0.1, )",
        "resolved": "13.0.1",
        "contentHash": "ppPFpBcvxdsfUonNcvITKqLl3bqxWbDCZIzDWHzjpdAHRFfZe0Dw9HmA0+za13IdyrgJwpkDTDA9fHaxOrt20A=="
      }
    }
  }
}