{
  "version": 1,
  "dependencies": {
    "net8.0": {
      "CommandLineParser": {
        "type": "Direct",
        "requested": "[2.9.1, )",
        "resolved": "2.9.1",
        "contentHash": "OE0sl1/sQ37bjVsPKKtwQlWDgqaxWgtme3xZz7JssWUzg5JpMIyHgCTY9MVMxOg48fJ1AgGT3tgdH5m/kQ5xhA=="
      },
      "CsvHelper": {
        "type": "Direct",
        "requested": "[32.0.3, )",
        "resolved": "32.0.3",
        "contentHash": "JNDkd4Wc2Tim5IuyL8Ai13RhzRvaHItseEvlJ2YRkx2SMBFrIsW8a5+/o4/O1jsb6mlviihR6Hfyn+nqY6CurA=="
      },
      "Newtonsoft.Json": {
        "type": "Direct",
        "requested": "[13.0.3, )",
        "resolved": "13.0.3",
        "contentHash": "HrC5BXdl00IP9zeV+0Z848QWPAoCr9P3bDEZguI+gkLcBKAOxix/tLEAAHC+UvDNPv4a2d18lOReHMOagPa+zQ=="
      },
      "Serilog": {
        "type": "Direct",
        "requested": "[4.0.2, )",
        "resolved": "4.0.2",
        "contentHash": "Vehq4uNYtURe/OnHEpWGvMgrvr5Vou7oZLdn3BuEH5FSCeHXDpNJtpzWoqywXsSvCTuiv0I65mZDRnJSeUvisA=="
      }
    }
  }
}