{
  "version": 1,
  "dependencies": {
    "net8.0": {
      "CommandLineParser": {
        "type": "Direct",
        "requested": "[2.8.0, )",
        "resolved": "2.8.0",
        "contentHash": "eco2HlKQBY4Joz9odHigzGpVzv6pjsXnY5lziioMveQxr+i2Z7xYcIOMeZTgYiqnMtMAbXMXsVhrNfWO5vJS8Q=="
      },
      "CsvHelper": {
        "type": "Direct",
        "requested": "[32.0.0, )",
        "resolved": "32.0.0",
        "contentHash": "D/s7hp6fQIWc/62dDlLEvqxMBsfjXUGmX9qsb5G+CUq/8iw+N8QhdmtjsThrWr8vJsD2qT1bfEMbrP+NPEMLfA=="
      },
      "Newtonsoft.Json": {
        "type": "Direct",
        "requested": "[13.0.1, )",
        "resolved": "13.0.1",
        "contentHash": "ppPFpBcvxdsfUonNcvITKqLl3bqxWbDCZIzDWHzjpdAHRFfZe0Dw9HmA0+za13IdyrgJwpkDTDA9fHaxOrt20A=="
      },
      "Serilog": {
        "type": "Direct",
        "requested": "[4.0.1, )",
        "resolved": "4.0.1",
        "contentHash": "pzeDRXdpSLSsgBHpZcmpIDxqMy845Ab4s+dfnBg0sN9h8q/4Wo3vAoe0QCGPze1Q06EVtEPupS+UvLm8iXQmTQ=="
      }
    }
  }
}